{
  "name": "flush-the-toilet",
  "version": "1.0.0",
  "lockfileVersion": 1,
  "requires": true,
  "dependencies": {
    "@turf/bbox": {
      "version": "5.0.4",
      "resolved": "https://registry.npmjs.org/@turf/bbox/-/bbox-5.0.4.tgz",
      "integrity": "sha1-XD0oj5kAZhy9wXPNRgQcE4Ka8xE=",
      "requires": {
        "@turf/helpers": "5.0.4",
        "@turf/meta": "5.0.4"
      },
      "dependencies": {
        "@turf/helpers": {
          "version": "5.0.4",
          "resolved": "https://registry.npmjs.org/@turf/helpers/-/helpers-5.0.4.tgz",
          "integrity": "sha1-5HpOTzje47R6MXemneFi16elg38="
        },
        "@turf/meta": {
          "version": "5.0.4",
          "resolved": "https://registry.npmjs.org/@turf/meta/-/meta-5.0.4.tgz",
          "integrity": "sha1-tB0I8Z0uzJNIBbbXE6Zjq9n4MhM=",
          "requires": {
            "@turf/helpers": "5.0.4"
          }
        }
      }
    },
    "@turf/boolean-point-in-polygon": {
      "version": "5.0.4",
      "resolved": "https://registry.npmjs.org/@turf/boolean-point-in-polygon/-/boolean-point-in-polygon-5.0.4.tgz",
      "integrity": "sha1-cHAtimc2hRLR3oxpy3H4x+43R7o=",
      "requires": {
        "@turf/invariant": "5.0.4"
      }
    },
    "@turf/buffer": {
      "version": "5.0.4",
      "resolved": "https://registry.npmjs.org/@turf/buffer/-/buffer-5.0.4.tgz",
      "integrity": "sha1-cecffMarIhFAHmoMxYh5mGZoWvQ=",
      "requires": {
        "@turf/bbox": "5.0.4",
        "@turf/center": "5.0.4",
        "@turf/helpers": "5.0.4",
        "@turf/meta": "5.0.4",
        "@turf/projection": "5.0.4",
        "d3-geo": "1.7.1",
        "jsts-es": "1.5.4"
      },
      "dependencies": {
        "@turf/helpers": {
          "version": "5.0.4",
          "resolved": "https://registry.npmjs.org/@turf/helpers/-/helpers-5.0.4.tgz",
          "integrity": "sha1-5HpOTzje47R6MXemneFi16elg38="
        },
        "@turf/meta": {
          "version": "5.0.4",
          "resolved": "https://registry.npmjs.org/@turf/meta/-/meta-5.0.4.tgz",
          "integrity": "sha1-tB0I8Z0uzJNIBbbXE6Zjq9n4MhM=",
          "requires": {
            "@turf/helpers": "5.0.4"
          }
        }
      }
    },
    "@turf/center": {
      "version": "5.0.4",
      "resolved": "https://registry.npmjs.org/@turf/center/-/center-5.0.4.tgz",
      "integrity": "sha1-Mr8UJWTB/Ste1t3CT0UvSIIgILE=",
      "requires": {
        "@turf/bbox": "5.0.4",
        "@turf/helpers": "5.0.4"
      },
      "dependencies": {
        "@turf/helpers": {
          "version": "5.0.4",
          "resolved": "https://registry.npmjs.org/@turf/helpers/-/helpers-5.0.4.tgz",
          "integrity": "sha1-5HpOTzje47R6MXemneFi16elg38="
        }
      }
    },
    "@turf/clone": {
      "version": "5.0.4",
      "resolved": "https://registry.npmjs.org/@turf/clone/-/clone-5.0.4.tgz",
      "integrity": "sha1-ewD6mVsGAz4SLgYwytuITpfRWwA="
    },
    "@turf/distance": {
      "version": "5.0.4",
      "resolved": "https://registry.npmjs.org/@turf/distance/-/distance-5.0.4.tgz",
      "integrity": "sha1-DvWOyaCEA72u979CDLLJ0EzGklc=",
      "requires": {
        "@turf/helpers": "5.0.4",
        "@turf/invariant": "5.0.4"
      },
      "dependencies": {
        "@turf/helpers": {
          "version": "5.0.4",
          "resolved": "https://registry.npmjs.org/@turf/helpers/-/helpers-5.0.4.tgz",
          "integrity": "sha1-5HpOTzje47R6MXemneFi16elg38="
        }
      }
    },
    "@turf/explode": {
      "version": "5.0.4",
      "resolved": "https://registry.npmjs.org/@turf/explode/-/explode-5.0.4.tgz",
      "integrity": "sha1-Tu5OoS2L00DsqrlBWIiBTSDpW4k=",
      "requires": {
        "@turf/helpers": "5.0.4",
        "@turf/meta": "5.0.4"
      },
      "dependencies": {
        "@turf/helpers": {
          "version": "5.0.4",
          "resolved": "https://registry.npmjs.org/@turf/helpers/-/helpers-5.0.4.tgz",
          "integrity": "sha1-5HpOTzje47R6MXemneFi16elg38="
        },
        "@turf/meta": {
          "version": "5.0.4",
          "resolved": "https://registry.npmjs.org/@turf/meta/-/meta-5.0.4.tgz",
          "integrity": "sha1-tB0I8Z0uzJNIBbbXE6Zjq9n4MhM=",
          "requires": {
            "@turf/helpers": "5.0.4"
          }
        }
      }
    },
    "@turf/flatten": {
      "version": "4.6.0",
      "resolved": "https://registry.npmjs.org/@turf/flatten/-/flatten-4.6.0.tgz",
      "integrity": "sha1-jc5PBUO9K7IGJOj8UtYTwOFe6Rg=",
      "requires": {
        "@turf/helpers": "4.7.3",
        "@turf/meta": "4.6.0"
      },
      "dependencies": {
        "@turf/meta": {
          "version": "4.6.0",
          "resolved": "https://registry.npmjs.org/@turf/meta/-/meta-4.6.0.tgz",
          "integrity": "sha1-DT+aIY5Y0cXl3u30Z8MyHdYSA/M="
        }
      }
    },
    "@turf/helpers": {
      "version": "4.7.3",
      "resolved": "https://registry.npmjs.org/@turf/helpers/-/helpers-4.7.3.tgz",
      "integrity": "sha1-vDEqxDyrPFMqSDFRxMOCxWSUKek="
    },
    "@turf/invariant": {
      "version": "5.0.4",
      "resolved": "https://registry.npmjs.org/@turf/invariant/-/invariant-5.0.4.tgz",
      "integrity": "sha1-HMMF9N58Dxv9nXxCCqwoIFEmK0E=",
      "requires": {
        "@turf/helpers": "5.0.4"
      },
      "dependencies": {
        "@turf/helpers": {
          "version": "5.0.4",
          "resolved": "https://registry.npmjs.org/@turf/helpers/-/helpers-5.0.4.tgz",
          "integrity": "sha1-5HpOTzje47R6MXemneFi16elg38="
        }
      }
    },
    "@turf/meta": {
      "version": "3.14.0",
      "resolved": "https://registry.npmjs.org/@turf/meta/-/meta-3.14.0.tgz",
      "integrity": "sha1-jTBQwaD0S/QGpjO2vSjFEPe87ic="
    },
    "@turf/nearest-point": {
      "version": "5.0.4",
      "resolved": "https://registry.npmjs.org/@turf/nearest-point/-/nearest-point-5.0.4.tgz",
      "integrity": "sha1-9W+EicIGyLDPVERfHX0GS0Ro0n4=",
      "requires": {
        "@turf/clone": "5.0.4",
        "@turf/distance": "5.0.4",
        "@turf/helpers": "5.0.4",
        "@turf/meta": "5.0.4"
      },
      "dependencies": {
        "@turf/helpers": {
          "version": "5.0.4",
          "resolved": "https://registry.npmjs.org/@turf/helpers/-/helpers-5.0.4.tgz",
          "integrity": "sha1-5HpOTzje47R6MXemneFi16elg38="
        },
        "@turf/meta": {
          "version": "5.0.4",
          "resolved": "https://registry.npmjs.org/@turf/meta/-/meta-5.0.4.tgz",
          "integrity": "sha1-tB0I8Z0uzJNIBbbXE6Zjq9n4MhM=",
          "requires": {
            "@turf/helpers": "5.0.4"
          }
        }
      }
    },
    "@turf/projection": {
      "version": "5.0.4",
      "resolved": "https://registry.npmjs.org/@turf/projection/-/projection-5.0.4.tgz",
      "integrity": "sha1-1y6Rphlzy7b6Rqba6MEUBvPiRdI=",
      "requires": {
        "@turf/clone": "5.0.4",
        "@turf/helpers": "5.0.4",
        "@turf/meta": "5.0.4"
      },
      "dependencies": {
        "@turf/helpers": {
          "version": "5.0.4",
          "resolved": "https://registry.npmjs.org/@turf/helpers/-/helpers-5.0.4.tgz",
          "integrity": "sha1-5HpOTzje47R6MXemneFi16elg38="
        },
        "@turf/meta": {
          "version": "5.0.4",
          "resolved": "https://registry.npmjs.org/@turf/meta/-/meta-5.0.4.tgz",
          "integrity": "sha1-tB0I8Z0uzJNIBbbXE6Zjq9n4MhM=",
          "requires": {
            "@turf/helpers": "5.0.4"
          }
        }
      }
    },
    "@turf/tag": {
      "version": "5.0.4",
      "resolved": "https://registry.npmjs.org/@turf/tag/-/tag-5.0.4.tgz",
      "integrity": "sha1-49Bs2FEuAKfHIdkmqxY3EClA2G4=",
      "requires": {
        "@turf/boolean-point-in-polygon": "5.0.4",
        "@turf/clone": "5.0.4",
        "@turf/helpers": "5.0.4",
        "@turf/meta": "5.0.4"
      },
      "dependencies": {
        "@turf/helpers": {
          "version": "5.0.4",
          "resolved": "https://registry.npmjs.org/@turf/helpers/-/helpers-5.0.4.tgz",
          "integrity": "sha1-5HpOTzje47R6MXemneFi16elg38="
        },
        "@turf/meta": {
          "version": "5.0.4",
          "resolved": "https://registry.npmjs.org/@turf/meta/-/meta-5.0.4.tgz",
          "integrity": "sha1-tB0I8Z0uzJNIBbbXE6Zjq9n4MhM=",
          "requires": {
            "@turf/helpers": "5.0.4"
          }
        }
      }
    },
    "align-text": {
      "version": "0.1.4",
      "resolved": "https://registry.npmjs.org/align-text/-/align-text-0.1.4.tgz",
      "integrity": "sha1-DNkKVhCT810KmSVsIrcGlDP60Rc=",
      "requires": {
        "kind-of": "3.2.2",
        "longest": "1.0.1",
        "repeat-string": "1.6.1"
      }
    },
    "amdefine": {
      "version": "1.0.1",
      "resolved": "https://registry.npmjs.org/amdefine/-/amdefine-1.0.1.tgz",
      "integrity": "sha1-SlKCrBZHKek2Gbz9OtFR+BfOkfU="
    },
    "arcgis-to-geojson-utils": {
      "version": "1.0.3",
      "resolved": "https://registry.npmjs.org/arcgis-to-geojson-utils/-/arcgis-to-geojson-utils-1.0.3.tgz",
      "integrity": "sha512-u29NQHdc8DAHMXsYuOSGFL0yHOrfIkGL1NY3XuvIQqZ4u5fV+xtP7Ns07aoR79HiyurzYOXbs5npOWRUfl2fqA=="
    },
    "async": {
      "version": "1.5.2",
      "resolved": "https://registry.npmjs.org/async/-/async-1.5.2.tgz",
      "integrity": "sha1-7GphrlZIDAw8skHJVhjiCJL5Zyo="
    },
    "base64-js": {
      "version": "0.0.2",
      "resolved": "https://registry.npmjs.org/base64-js/-/base64-js-0.0.2.tgz",
      "integrity": "sha1-Ak8Pcq+iW3X5wO5zzU9V7Bvtl4Q="
    },
    "bootstrap": {
      "version": "3.3.7",
      "resolved": "https://registry.npmjs.org/bootstrap/-/bootstrap-3.3.7.tgz",
      "integrity": "sha1-WjiTlFSfIzMIdaOxUGVldPip63E="
    },
    "bops": {
      "version": "0.0.6",
      "resolved": "https://registry.npmjs.org/bops/-/bops-0.0.6.tgz",
      "integrity": "sha1-CC0dVfoB5g29wuvC26N/ZZVUzzo=",
      "requires": {
        "base64-js": "0.0.2",
        "to-utf8": "0.0.1"
      }
    },
    "camelcase": {
      "version": "1.2.1",
      "resolved": "https://registry.npmjs.org/camelcase/-/camelcase-1.2.1.tgz",
      "integrity": "sha1-m7UwTS4LVmmLLHWLCKPqqdqlijk=",
      "optional": true
    },
    "center-align": {
      "version": "0.1.3",
      "resolved": "https://registry.npmjs.org/center-align/-/center-align-0.1.3.tgz",
      "integrity": "sha1-qg0yYptu6XIgBBHL1EYckHvCt60=",
      "optional": true,
      "requires": {
        "align-text": "0.1.4",
        "lazy-cache": "1.0.4"
      }
    },
    "cliui": {
      "version": "2.1.0",
      "resolved": "https://registry.npmjs.org/cliui/-/cliui-2.1.0.tgz",
      "integrity": "sha1-S0dXYP+AJkx2LDoXGQMukcf+oNE=",
      "optional": true,
      "requires": {
        "center-align": "0.1.3",
        "right-align": "0.1.3",
        "wordwrap": "0.0.2"
      },
      "dependencies": {
        "wordwrap": {
          "version": "0.0.2",
          "resolved": "https://registry.npmjs.org/wordwrap/-/wordwrap-0.0.2.tgz",
          "integrity": "sha1-t5Zpu0LstAn4PVg8rVLKF+qhZD8=",
          "optional": true
        }
      }
    },
    "commander": {
      "version": "2.11.0",
      "resolved": "https://registry.npmjs.org/commander/-/commander-2.11.0.tgz",
      "integrity": "sha512-b0553uYA5YAEGgyYIGYROzKQ7X5RAqedkfjiZxwi0kL1g3bOaBNNZfYkzt/CL0umgD5wc9Jec2FbB98CjkMRvQ=="
    },
    "concat-stream": {
      "version": "1.2.1",
      "resolved": "https://registry.npmjs.org/concat-stream/-/concat-stream-1.2.1.tgz",
      "integrity": "sha1-81EAtsRjeL+6i2uA+fDQzN8T3GA=",
      "requires": {
        "bops": "0.0.6"
      }
    },
    "d3-array": {
      "version": "1.2.1",
      "resolved": "https://registry.npmjs.org/d3-array/-/d3-array-1.2.1.tgz",
      "integrity": "sha512-CyINJQ0SOUHojDdFDH4JEM0552vCR1utGyLHegJHyYH0JyCpSeTPxi4OBqHMA2jJZq4NH782LtaJWBImqI/HBw=="
    },
    "d3-geo": {
      "version": "1.7.1",
      "resolved": "https://registry.npmjs.org/d3-geo/-/d3-geo-1.7.1.tgz",
      "integrity": "sha512-O4AempWAr+P5qbk2bC2FuN/sDW4z+dN2wDf9QV3bxQt4M5HfOEeXLgJ/UKQW0+o1Dj8BE+L5kiDbdWUMjsmQpw==",
      "requires": {
        "d3-array": "1.2.1"
      }
    },
    "decamelize": {
      "version": "1.2.0",
      "resolved": "https://registry.npmjs.org/decamelize/-/decamelize-1.2.0.tgz",
      "integrity": "sha1-9lNNFRSCabIDUue+4m9QH5oZEpA=",
      "optional": true
    },
    "esri-leaflet": {
      "version": "2.1.1",
      "resolved": "https://registry.npmjs.org/esri-leaflet/-/esri-leaflet-2.1.1.tgz",
      "integrity": "sha512-NBKCgNa1ZEQXyA+fN2xPsNlAD3xJ6aRGhCwGini+D5Me3fwJbTurZ4cxFgBBXnqZqw6DJ5GyPCzTw1TrUO7ocw==",
      "requires": {
        "arcgis-to-geojson-utils": "1.0.3",
        "leaflet-virtual-grid": "1.0.4",
        "tiny-binary-search": "1.0.2"
      }
    },
    "esri-leaflet-gp": {
      "version": "2.0.2",
      "resolved": "https://registry.npmjs.org/esri-leaflet-gp/-/esri-leaflet-gp-2.0.2.tgz",
      "integrity": "sha1-/U/s2Cr/hbldzHDIZUJeELYn7FI=",
      "requires": {
        "esri-leaflet": "2.1.1",
        "leaflet": "1.2.0"
      }
    },
    "geojson-dissolve": {
      "version": "3.1.0",
      "resolved": "https://registry.npmjs.org/geojson-dissolve/-/geojson-dissolve-3.1.0.tgz",
      "integrity": "sha1-hoIycWgKGjgfPnLwJki7zHEOzaE=",
      "requires": {
        "@turf/meta": "3.14.0",
        "geojson-flatten": "0.2.1",
        "geojson-linestring-dissolve": "0.0.1",
        "topojson-client": "3.0.0",
        "topojson-server": "3.0.0"
      }
    },
    "geojson-flatten": {
      "version": "0.2.1",
      "resolved": "https://registry.npmjs.org/geojson-flatten/-/geojson-flatten-0.2.1.tgz",
      "integrity": "sha1-R2/GsEHpTQFpg+yVQA+Hd71gxFw=",
      "requires": {
        "concat-stream": "1.2.1",
        "minimist": "0.0.5"
      },
      "dependencies": {
        "minimist": {
          "version": "0.0.5",
          "resolved": "https://registry.npmjs.org/minimist/-/minimist-0.0.5.tgz",
          "integrity": "sha1-16oye87PUY+RBqxrjwA/o7zqhWY="
        }
      }
    },
    "geojson-linestring-dissolve": {
      "version": "0.0.1",
      "resolved": "https://registry.npmjs.org/geojson-linestring-dissolve/-/geojson-linestring-dissolve-0.0.1.tgz",
      "integrity": "sha1-CKuM3zhukZ01oOs4+hxVDgIIONs="
    },
    "handlebars": {
      "version": "4.0.10",
      "resolved": "https://registry.npmjs.org/handlebars/-/handlebars-4.0.10.tgz",
      "integrity": "sha1-PTDHGLCaPZbyPqTMH0A8TTup/08=",
      "requires": {
        "async": "1.5.2",
        "optimist": "0.6.1",
        "source-map": "0.4.4",
        "uglify-js": "2.8.29"
      }
    },
    "is-buffer": {
      "version": "1.1.5",
      "resolved": "https://registry.npmjs.org/is-buffer/-/is-buffer-1.1.5.tgz",
      "integrity": "sha1-Hzsm72E7IUuIy8ojzGwB2Hlh7sw="
    },
    "jquery": {
      "version": "2.1.4",
      "resolved": "https://registry.npmjs.org/jquery/-/jquery-2.1.4.tgz",
      "integrity": "sha1-IoveaYoMYUMdwmMKahVPFYkNIxc="
    },
    "jsts-es": {
      "version": "1.5.4",
      "resolved": "https://registry.npmjs.org/jsts-es/-/jsts-es-1.5.4.tgz",
      "integrity": "sha1-EImo/+K0BNv4BCsb3KXyH2BhuvY="
    },
    "kind-of": {
      "version": "3.2.2",
      "resolved": "https://registry.npmjs.org/kind-of/-/kind-of-3.2.2.tgz",
      "integrity": "sha1-MeohpzS6ubuw8yRm2JOupR5KPGQ=",
      "requires": {
        "is-buffer": "1.1.5"
      }
    },
    "lazy-cache": {
      "version": "1.0.4",
      "resolved": "https://registry.npmjs.org/lazy-cache/-/lazy-cache-1.0.4.tgz",
      "integrity": "sha1-odePw6UEdMuAhF07O24dpJpEbo4=",
      "optional": true
    },
    "leaflet": {
      "version": "1.2.0",
      "resolved": "https://registry.npmjs.org/leaflet/-/leaflet-1.2.0.tgz",
      "integrity": "sha512-Bold8phAE6WcRsuwhofrQ7cOK1REFHaYIkKuj7+TBYK3ONKRpGGIb5oXR5akYotFnrWN0TWKh6Svlhflm3dogg=="
    },
    "leaflet-virtual-grid": {
      "version": "1.0.4",
      "resolved": "https://registry.npmjs.org/leaflet-virtual-grid/-/leaflet-virtual-grid-1.0.4.tgz",
      "integrity": "sha1-ZgAoVNlOgaMHx5CiKBe+vJT5kMM=",
      "requires": {
        "leaflet": "1.2.0"
      }
    },
    "longest": {
      "version": "1.0.1",
      "resolved": "https://registry.npmjs.org/longest/-/longest-1.0.1.tgz",
      "integrity": "sha1-MKCy2jj3N3DoKUoNIuZiXtd9AJc="
    },
    "minimist": {
      "version": "0.0.10",
      "resolved": "https://registry.npmjs.org/minimist/-/minimist-0.0.10.tgz",
      "integrity": "sha1-3j+YVD2/lggr5IrRoMfNqDYwHc8="
    },
    "optimist": {
      "version": "0.6.1",
      "resolved": "https://registry.npmjs.org/optimist/-/optimist-0.6.1.tgz",
      "integrity": "sha1-2j6nRob6IaGaERwybpDrFaAZZoY=",
      "requires": {
        "minimist": "0.0.10",
        "wordwrap": "0.0.3"
      }
    },
    "repeat-string": {
      "version": "1.6.1",
      "resolved": "https://registry.npmjs.org/repeat-string/-/repeat-string-1.6.1.tgz",
      "integrity": "sha1-jcrkcOHIirwtYA//Sndihtp15jc="
    },
    "right-align": {
      "version": "0.1.3",
      "resolved": "https://registry.npmjs.org/right-align/-/right-align-0.1.3.tgz",
      "integrity": "sha1-YTObci/mo1FWiSENJOFMlhSGE+8=",
      "optional": true,
      "requires": {
        "align-text": "0.1.4"
      }
    },
    "source-map": {
      "version": "0.4.4",
      "resolved": "https://registry.npmjs.org/source-map/-/source-map-0.4.4.tgz",
      "integrity": "sha1-66T12pwNyZneaAMti092FzZSA2s=",
      "requires": {
        "amdefine": "1.0.1"
      }
    },
    "tiny-binary-search": {
      "version": "1.0.2",
      "resolved": "https://registry.npmjs.org/tiny-binary-search/-/tiny-binary-search-1.0.2.tgz",
      "integrity": "sha1-1MXMzlq6C0yu4hkJGT5LlLq1j0U="
    },
    "to-utf8": {
      "version": "0.0.1",
      "resolved": "https://registry.npmjs.org/to-utf8/-/to-utf8-0.0.1.tgz",
      "integrity": "sha1-0Xrqcv8vujm55DYBvns/9y4ImFI="
    },
    "topojson-client": {
      "version": "3.0.0",
      "resolved": "https://registry.npmjs.org/topojson-client/-/topojson-client-3.0.0.tgz",
      "integrity": "sha1-H5kpOnfvQqRI0DKoGqmCtz82DS8=",
      "requires": {
        "commander": "2.11.0"
      }
    },
    "topojson-server": {
      "version": "3.0.0",
      "resolved": "https://registry.npmjs.org/topojson-server/-/topojson-server-3.0.0.tgz",
      "integrity": "sha1-N4546Hw5cqe1vixdYENptrrmnF4=",
      "requires": {
        "commander": "2.11.0"
      }
    },
    "typeahead.js": {
      "version": "0.11.1",
      "resolved": "https://registry.npmjs.org/typeahead.js/-/typeahead.js-0.11.1.tgz",
      "integrity": "sha1-TmTmcbIjEKhgb0rsgFkkuoSwFbg=",
      "requires": {
        "jquery": "2.1.4"
      }
    },
    "uglify-js": {
      "version": "2.8.29",
      "resolved": "https://registry.npmjs.org/uglify-js/-/uglify-js-2.8.29.tgz",
      "integrity": "sha1-KcVzMUgFe7Th913zW3qcty5qWd0=",
      "optional": true,
      "requires": {
        "source-map": "0.5.6",
        "uglify-to-browserify": "1.0.2",
        "yargs": "3.10.0"
      },
      "dependencies": {
        "source-map": {
          "version": "0.5.6",
          "resolved": "https://registry.npmjs.org/source-map/-/source-map-0.5.6.tgz",
          "integrity": "sha1-dc449SvwczxafwwRjYEzSiu19BI=",
          "optional": true
        }
      }
    },
    "uglify-to-browserify": {
      "version": "1.0.2",
      "resolved": "https://registry.npmjs.org/uglify-to-browserify/-/uglify-to-browserify-1.0.2.tgz",
      "integrity": "sha1-bgkk1r2mta/jSeOabWMoUKD4grc=",
      "optional": true
    },
    "window-size": {
      "version": "0.1.0",
      "resolved": "https://registry.npmjs.org/window-size/-/window-size-0.1.0.tgz",
      "integrity": "sha1-VDjNLqk7IC76Ohn+iIeu58lPnJ0=",
      "optional": true
    },
    "wordwrap": {
      "version": "0.0.3",
      "resolved": "https://registry.npmjs.org/wordwrap/-/wordwrap-0.0.3.tgz",
      "integrity": "sha1-o9XabNXAvAAI03I0u68b7WMFkQc="
    },
    "yargs": {
      "version": "3.10.0",
      "resolved": "https://registry.npmjs.org/yargs/-/yargs-3.10.0.tgz",
      "integrity": "sha1-9+572FfdfB0tOMDnTvvWgdFDH9E=",
      "optional": true,
      "requires": {
        "camelcase": "1.2.1",
        "cliui": "2.1.0",
        "decamelize": "1.2.0",
        "window-size": "0.1.0"
      }
    }
  }
}
